{
  "lockfile_version": "1",
  "packages": {
    "devcontainer@0.86.0": {
      "last_modified": "2026-05-06T12:40:13Z",
      "resolved": "github:NixOS/nixpkgs/07800bee2b362f6c73fe17cb1593a260c5e183c6#devcontainer",
      "source": "devbox-search",
      "version": "0.86.0",
      "systems": {
        "aarch64-darwin": {
          "outputs": [
            {
              "name": "out",
              "path": "/nix/store/rh1c7jdg0ic8imihl9zbxp79hf55vvrg-devcontainer-0.86.0",
              "default": true
            }
          ],
          "store_path": "/nix/store/rh1c7jdg0ic8imihl9zbxp79hf55vvrg-devcontainer-0.86.0"
        },
        "aarch64-linux": {
          "outputs": [
            {
              "name": "out",
              "path": "/nix/store/map6lm77bfhqp1wqmv4q811z97c41f5y-devcontainer-0.86.0",
              "default": true
            }
          ],
          "store_path": "/nix/store/map6lm77bfhqp1wqmv4q811z97c41f5y-devcontainer-0.86.0"
        },
        "x86_64-darwin": {
          "outputs": [
            {
              "name": "out",
              "path": "/nix/store/np8bpijww2s3d7fb9si9j0l8sc9zqj30-devcontainer-0.86.0",
              "default": true
            }
          ],
          "store_path": "/nix/store/np8bpijww2s3d7fb9si9j0l8sc9zqj30-devcontainer-0.86.0"
        },
        "x86_64-linux": {
          "outputs": [
            {
              "name": "out",
              "path": "/nix/store/r7xch3vin1q8awvig1la7c9chhgxgc04-devcontainer-0.86.0",
              "default": true
            }
          ],
          "store_path": "/nix/store/r7xch3vin1q8awvig1la7c9chhgxgc04-devcontainer-0.86.0"
        }
      }
    },
    "fzf@0.72.0": {
      "last_modified": "2026-04-27T06:11:55Z",
      "resolved": "github:NixOS/nixpkgs/6368eda62c9775c38ef7f714b2555a741c20c72d#fzf",
      "source": "devbox-search",
      "version": "0.72.0",
      "systems": {
        "aarch64-darwin": {
          "outputs": [
            {
              "name": "out",
              "path": "/nix/store/dj8n9hb6vgh7flmy4m8lalgl6bfi5kmp-fzf-0.72.0",
              "default": true
            },
            {
              "name": "man",
              "path": "/nix/store/2cxwvyrcl6lnghc2fy3ha8rmjwz0dwwz-fzf-0.72.0-man",
              "default": true
            }
          ],
          "store_path": "/nix/store/dj8n9hb6vgh7flmy4m8lalgl6bfi5kmp-fzf-0.72.0"
        },
        "aarch64-linux": {
          "outputs": [
            {
              "name": "out",
              "path": "/nix/store/58pqzwayhhjwqaybbd7ysh4ln66q5svw-fzf-0.72.0",
              "default": true
            },
            {
              "name": "man",
              "path": "/nix/store/pxjldlwvyhnaz7idhb4khgzb2az0lmz9-fzf-0.72.0-man",
              "default": true
            }
          ],
          "store_path": "/nix/store/58pqzwayhhjwqaybbd7ysh4ln66q5svw-fzf-0.72.0"
        },
        "x86_64-darwin": {
          "outputs": [
            {
              "name": "out",
              "path": "/nix/store/xdd1zn9bj73kgp0z03p7rkkmpb3l71y8-fzf-0.72.0",
              "default": true
            },
            {
              "name": "man",
              "path": "/nix/store/vq2yqsgla6q2xq0psrj2qkan45kn7di9-fzf-0.72.0-man",
              "default": true
            }
          ],
          "store_path": "/nix/store/xdd1zn9bj73kgp0z03p7rkkmpb3l71y8-fzf-0.72.0"
        },
        "x86_64-linux": {
          "outputs": [
            {
              "name": "out",
              "path": "/nix/store/1fc3iszabni2f7rnvdx49db2350qck7n-fzf-0.72.0",
              "default": true
            },
            {
              "name": "man",
              "path": "/nix/store/jswpxnbszf36l6lhsnghrd9sj0yl5hi7-fzf-0.72.0-man",
              "default": true
            }
          ],
          "store_path": "/nix/store/1fc3iszabni2f7rnvdx49db2350qck7n-fzf-0.72.0"
        }
      }
    },
    "gh@2.88.1": {
      "last_modified": "2026-03-21T07:29:51Z",
      "resolved": "github:NixOS/nixpkgs/09061f748ee21f68a089cd5d91ec1859cd93d0be#gh",
      "source": "devbox-search",
      "version": "2.88.1",
      "systems": {
        "aarch64-darwin": {
          "outputs": [
            {
              "name": "out",
              "path": "/nix/store/mkjsxxbz3pkics0xnly7p8iqgr2awfgw-gh-2.88.1",
              "default": true
            }
          ],
          "store_path": "/nix/store/mkjsxxbz3pkics0xnly7p8iqgr2awfgw-gh-2.88.1"
        },
        "aarch64-linux": {
          "outputs": [
            {
              "name": "out",
              "path": "/nix/store/1r8rp0324hmmim4p9lryhq6ck5s0z9h3-gh-2.88.1",
              "default": true
            }
          ],
          "store_path": "/nix/store/1r8rp0324hmmim4p9lryhq6ck5s0z9h3-gh-2.88.1"
        },
        "x86_64-darwin": {
          "outputs": [
            {
              "name": "out",
              "path": "/nix/store/5p7zchbbsws3d57mifs4h28fpb6jm2iv-gh-2.88.1",
              "default": true
            }
          ],
          "store_path": "/nix/store/5p7zchbbsws3d57mifs4h28fpb6jm2iv-gh-2.88.1"
        },
        "x86_64-linux": {
          "outputs": [
            {
              "name": "out",
              "path": "/nix/store/sgwlyr2d03y1jgzh2iph82yrg8wwvn2f-gh-2.88.1",
              "default": true
            }
          ],
          "store_path": "/nix/store/sgwlyr2d03y1jgzh2iph82yrg8wwvn2f-gh-2.88.1"
        }
      }
    },
    "ghq@1.9.4": {
      "last_modified": "2026-04-23T13:07:47Z",
      "resolved": "github:NixOS/nixpkgs/01fbdeef22b76df85ea168fbfe1bfd9e63681b30#ghq",
      "source": "devbox-search",
      "version": "1.9.4",
      "systems": {
        "aarch64-darwin": {
          "outputs": [
            {
              "name": "out",
              "path": "/nix/store/5rr80mk6fi0c734q3cbjmg426b3kxpj6-ghq-1.9.4",
              "default": true
            }
          ],
          "store_path": "/nix/store/5rr80mk6fi0c734q3cbjmg426b3kxpj6-ghq-1.9.4"
        },
        "aarch64-linux": {
          "outputs": [
            {
              "name": "out",
              "path": "/nix/store/wbpi060dc9phr0xm4pzfr5jkjskn8jzb-ghq-1.9.4",
              "default": true
            }
          ],
          "store_path": "/nix/store/wbpi060dc9phr0xm4pzfr5jkjskn8jzb-ghq-1.9.4"
        },
        "x86_64-darwin": {
          "outputs": [
            {
              "name": "out",
              "path": "/nix/store/apibij9qifidbdjjy51mspg0cb3y2w03-ghq-1.9.4",
              "default": true
            }
          ],
          "store_path": "/nix/store/apibij9qifidbdjjy51mspg0cb3y2w03-ghq-1.9.4"
        },
        "x86_64-linux": {
          "outputs": [
            {
              "name": "out",
              "path": "/nix/store/kksn6llpgq62yrkxlkg1kbnwgd0g3l8a-ghq-1.9.4",
              "default": true
            }
          ],
          "store_path": "/nix/store/kksn6llpgq62yrkxlkg1kbnwgd0g3l8a-ghq-1.9.4"
        }
      }
    },
    "github:NixOS/nixpkgs/nixpkgs-unstable": {
      "last_modified": "2026-05-15T18:21:44Z",
      "resolved": "github:NixOS/nixpkgs/d233902339c02a9c334e7e593de68855ad26c4cb?lastModified=1778869304"
    },
    "gitleaks@8.30.1": {
      "last_modified": "2026-04-23T13:07:47Z",
      "resolved": "github:NixOS/nixpkgs/01fbdeef22b76df85ea168fbfe1bfd9e63681b30#gitleaks",
      "source": "devbox-search",
      "version": "8.30.1",
      "systems": {
        "aarch64-darwin": {
          "outputs": [
            {
              "name": "out",
              "path": "/nix/store/rr5mn1bipkm870ln17lq5f6an3gx82c7-gitleaks-8.30.1",
              "default": true
            }
          ],
          "store_path": "/nix/store/rr5mn1bipkm870ln17lq5f6an3gx82c7-gitleaks-8.30.1"
        },
        "aarch64-linux": {
          "outputs": [
            {
              "name": "out",
              "path": "/nix/store/pf1ifdlwf0l7ciqkbszm4ahnmr3yxg6h-gitleaks-8.30.1",
              "default": true
            }
          ],
          "store_path": "/nix/store/pf1ifdlwf0l7ciqkbszm4ahnmr3yxg6h-gitleaks-8.30.1"
        },
        "x86_64-darwin": {
          "outputs": [
            {
              "name": "out",
              "path": "/nix/store/nmba04ammp9yi1jjg6z6g33c8qidp3h2-gitleaks-8.30.1",
              "default": true
            }
          ],
          "store_path": "/nix/store/nmba04ammp9yi1jjg6z6g33c8qidp3h2-gitleaks-8.30.1"
        },
        "x86_64-linux": {
          "outputs": [
            {
              "name": "out",
              "path": "/nix/store/h7zzkg5vh5v03wv9c7gdac064lm0s68p-gitleaks-8.30.1",
              "default": true
            }
          ],
          "store_path": "/nix/store/h7zzkg5vh5v03wv9c7gdac064lm0s68p-gitleaks-8.30.1"
        }
      }
    },
    "gopls@0.21.1": {
      "last_modified": "2026-04-23T13:07:47Z",
      "resolved": "github:NixOS/nixpkgs/01fbdeef22b76df85ea168fbfe1bfd9e63681b30#gopls",
      "source": "devbox-search",
      "version": "0.21.1",
      "systems": {
        "aarch64-darwin": {
          "outputs": [
            {
              "name": "out",
              "path": "/nix/store/413m3ilc7h6p38ir6f8fyvws4mk71sr7-gopls-0.21.1",
              "default": true
            }
          ],
          "store_path": "/nix/store/413m3ilc7h6p38ir6f8fyvws4mk71sr7-gopls-0.21.1"
        },
        "aarch64-linux": {
          "outputs": [
            {
              "name": "out",
              "path": "/nix/store/zwnkabv87612v262575kq9pcafmydk9p-gopls-0.21.1",
              "default": true
            }
          ],
          "store_path": "/nix/store/zwnkabv87612v262575kq9pcafmydk9p-gopls-0.21.1"
        },
        "x86_64-darwin": {
          "outputs": [
            {
              "name": "out",
              "path": "/nix/store/and1sz88c9grpndnwb19dwhd1qfxb32m-gopls-0.21.1",
              "default": true
            }
          ],
          "store_path": "/nix/store/and1sz88c9grpndnwb19dwhd1qfxb32m-gopls-0.21.1"
        },
        "x86_64-linux": {
          "outputs": [
            {
              "name": "out",
              "path": "/nix/store/27awffybla1vqpjj2g8qmsgd1imj2w5l-gopls-0.21.1",
              "default": true
            }
          ],
          "store_path": "/nix/store/27awffybla1vqpjj2g8qmsgd1imj2w5l-gopls-0.21.1"
        }
      }
    },
    "kind@0.31.0": {
      "last_modified": "2026-04-23T13:07:47Z",
      "resolved": "github:NixOS/nixpkgs/01fbdeef22b76df85ea168fbfe1bfd9e63681b30#kind",
      "source": "devbox-search",
      "version": "0.31.0",
      "systems": {
        "aarch64-darwin": {
          "outputs": [
            {
              "name": "out",
              "path": "/nix/store/fywhk0y82zwlrfafmimyms7660q9bqrm-kind-0.31.0",
              "default": true
            }
          ],
          "store_path": "/nix/store/fywhk0y82zwlrfafmimyms7660q9bqrm-kind-0.31.0"
        },
        "aarch64-linux": {
          "outputs": [
            {
              "name": "out",
              "path": "/nix/store/j4bx0jvpkxm48h5c0dnzkzsg9m8aghza-kind-0.31.0",
              "default": true
            }
          ],
          "store_path": "/nix/store/j4bx0jvpkxm48h5c0dnzkzsg9m8aghza-kind-0.31.0"
        },
        "x86_64-darwin": {
          "outputs": [
            {
              "name": "out",
              "path": "/nix/store/cz5xwcp1lv0ziazwl4ndmsq2wpmfx2vc-kind-0.31.0",
              "default": true
            }
          ],
          "store_path": "/nix/store/cz5xwcp1lv0ziazwl4ndmsq2wpmfx2vc-kind-0.31.0"
        },
        "x86_64-linux": {
          "outputs": [
            {
              "name": "out",
              "path": "/nix/store/v0imzwg6qdg2pwl1xmwxmz2vkz1i4xag-kind-0.31.0",
              "default": true
            }
          ],
          "store_path": "/nix/store/v0imzwg6qdg2pwl1xmwxmz2vkz1i4xag-kind-0.31.0"
        }
      }
    },
    "krew@0.5.0": {
      "last_modified": "2026-04-23T13:07:47Z",
      "resolved": "github:NixOS/nixpkgs/01fbdeef22b76df85ea168fbfe1bfd9e63681b30#krew",
      "source": "devbox-search",
      "version": "0.5.0",
      "systems": {
        "aarch64-darwin": {
          "outputs": [
            {
              "name": "out",
              "path": "/nix/store/z2sj57xbwbaq8cxg8cdzb9nl5jzgp8nc-krew-0.5.0",
              "default": true
            }
          ],
          "store_path": "/nix/store/z2sj57xbwbaq8cxg8cdzb9nl5jzgp8nc-krew-0.5.0"
        },
        "aarch64-linux": {
          "outputs": [
            {
              "name": "out",
              "path": "/nix/store/jdazdxbfacv376xz7wgdgfv1wmxkxibl-krew-0.5.0",
              "default": true
            }
          ],
          "store_path": "/nix/store/jdazdxbfacv376xz7wgdgfv1wmxkxibl-krew-0.5.0"
        },
        "x86_64-darwin": {
          "outputs": [
            {
              "name": "out",
              "path": "/nix/store/n213i5g4ymvf2nx1rz2z4hpk96bdpgpf-krew-0.5.0",
              "default": true
            }
          ],
          "store_path": "/nix/store/n213i5g4ymvf2nx1rz2z4hpk96bdpgpf-krew-0.5.0"
        },
        "x86_64-linux": {
          "outputs": [
            {
              "name": "out",
              "path": "/nix/store/3xdf5za5ym45pmyjgw8nk6m1fg8yqwzl-krew-0.5.0",
              "default": true
            }
          ],
          "store_path": "/nix/store/3xdf5za5ym45pmyjgw8nk6m1fg8yqwzl-krew-0.5.0"
        }
      }
    },
    "kubectl@1.36.0": {
      "last_modified": "2026-05-01T13:14:57Z",
      "resolved": "github:NixOS/nixpkgs/c6d65881c5624c9cae5ea6cedef24699b0c0a4c0#kubectl",
      "source": "devbox-search",
      "version": "1.36.0",
      "systems": {
        "aarch64-darwin": {
          "outputs": [
            {
              "name": "out",
              "path": "/nix/store/l13221pknyi76zx7vjv7h4qngprcfcjd-kubectl-1.36.0",
              "default": true
            },
            {
              "name": "man",
              "path": "/nix/store/kml6r55gfz7arl2pkb1i95wcv8qx7kdq-kubectl-1.36.0-man",
              "default": true
            },
            {
              "name": "convert",
              "path": "/nix/store/i82k8azv54nvbvlqkxsibq760fsc8p6c-kubectl-1.36.0-convert"
            }
          ],
          "store_path": "/nix/store/l13221pknyi76zx7vjv7h4qngprcfcjd-kubectl-1.36.0"
        },
        "aarch64-linux": {
          "outputs": [
            {
              "name": "out",
              "path": "/nix/store/0aidqq6r57iy85i9i04n8fxys5nph9m6-kubectl-1.36.0",
              "default": true
            },
            {
              "name": "man",
              "path": "/nix/store/khsk90hhkivnhxafp28higi05zndxfnx-kubectl-1.36.0-man",
              "default": true
            },
            {
              "name": "convert",
              "path": "/nix/store/lgmya39c4m9ajk120ny4y011fsq9rz6c-kubectl-1.36.0-convert"
            }
          ],
          "store_path": "/nix/store/0aidqq6r57iy85i9i04n8fxys5nph9m6-kubectl-1.36.0"
        },
        "x86_64-darwin": {
          "outputs": [
            {
              "name": "out",
              "path": "/nix/store/fhl0rmhhnhdhrb7y1yy9y15gxwrq44lf-kubectl-1.36.0",
              "default": true
            },
            {
              "name": "man",
              "path": "/nix/store/1k8krz6yxb2zxvvvncdxhbn62f0p2wx8-kubectl-1.36.0-man",
              "default": true
            },
            {
              "name": "convert",
              "path": "/nix/store/hq392ccg39naw49pk9ypywknw1i4r4a2-kubectl-1.36.0-convert"
            }
          ],
          "store_path": "/nix/store/fhl0rmhhnhdhrb7y1yy9y15gxwrq44lf-kubectl-1.36.0"
        },
        "x86_64-linux": {
          "outputs": [
            {
              "name": "out",
              "path": "/nix/store/3m8v5sg477z1v8c8kwrf8p3rqsm5gs3j-kubectl-1.36.0",
              "default": true
            },
            {
              "name": "man",
              "path": "/nix/store/gcv450pkhcdcnjqgmrch45afvdww43c1-kubectl-1.36.0-man",
              "default": true
            },
            {
              "name": "convert",
              "path": "/nix/store/04srrf0168d1fq2mwfvml64hqhz2n883-kubectl-1.36.0-convert"
            }
          ],
          "store_path": "/nix/store/3m8v5sg477z1v8c8kwrf8p3rqsm5gs3j-kubectl-1.36.0"
        }
      }
    },
    "kubernetes-helm@3.20.2": {
      "last_modified": "2026-04-23T13:07:47Z",
      "resolved": "github:NixOS/nixpkgs/01fbdeef22b76df85ea168fbfe1bfd9e63681b30#kubernetes-helm",
      "source": "devbox-search",
      "version": "3.20.2",
      "systems": {
        "aarch64-darwin": {
          "outputs": [
            {
              "name": "out",
              "path": "/nix/store/aa9sfjsr2w4g8xg6n9jznh18wvan4bwm-kubernetes-helm-3.20.2",
              "default": true
            }
          ],
          "store_path": "/nix/store/aa9sfjsr2w4g8xg6n9jznh18wvan4bwm-kubernetes-helm-3.20.2"
        },
        "aarch64-linux": {
          "outputs": [
            {
              "name": "out",
              "path": "/nix/store/wl1mr80ci6hj5x6nscdxqcalw2ppjf2r-kubernetes-helm-3.20.2",
              "default": true
            }
          ],
          "store_path": "/nix/store/wl1mr80ci6hj5x6nscdxqcalw2ppjf2r-kubernetes-helm-3.20.2"
        },
        "x86_64-darwin": {
          "outputs": [
            {
              "name": "out",
              "path": "/nix/store/4b3hmzwr3ydsc9gh7rv665bgp4qf2n7z-kubernetes-helm-3.20.2",
              "default": true
            }
          ],
          "store_path": "/nix/store/4b3hmzwr3ydsc9gh7rv665bgp4qf2n7z-kubernetes-helm-3.20.2"
        },
        "x86_64-linux": {
          "outputs": [
            {
              "name": "out",
              "path": "/nix/store/2qwwk0cxj9qx9c79hdhja4s4wmzikia5-kubernetes-helm-3.20.2",
              "default": true
            }
          ],
          "store_path": "/nix/store/2qwwk0cxj9qx9c79hdhja4s4wmzikia5-kubernetes-helm-3.20.2"
        }
      }
    },
    "kustomize@5.8.0": {
      "last_modified": "2026-01-23T17:20:52Z",
      "resolved": "github:NixOS/nixpkgs/a1bab9e494f5f4939442a57a58d0449a109593fe#kustomize",
      "source": "devbox-search",
      "version": "5.8.0",
      "systems": {
        "aarch64-darwin": {
          "outputs": [
            {
              "name": "out",
              "path": "/nix/store/1jsi4vib5i93211xjmidag2v4ms6ad01-kustomize-5.8.0",
              "default": true
            }
          ],
          "store_path": "/nix/store/1jsi4vib5i93211xjmidag2v4ms6ad01-kustomize-5.8.0"
        },
        "aarch64-linux": {
          "outputs": [
            {
              "name": "out",
              "path": "/nix/store/0x4jksb2wfci0qb1415afvffx3cclr5a-kustomize-5.8.0",
              "default": true
            }
          ],
          "store_path": "/nix/store/0x4jksb2wfci0qb1415afvffx3cclr5a-kustomize-5.8.0"
        },
        "x86_64-darwin": {
          "outputs": [
            {
              "name": "out",
              "path": "/nix/store/if4b679gapwpn9fiz4hqakdb7m6n7gbl-kustomize-5.8.0",
              "default": true
            }
          ],
          "store_path": "/nix/store/if4b679gapwpn9fiz4hqakdb7m6n7gbl-kustomize-5.8.0"
        },
        "x86_64-linux": {
          "outputs": [
            {
              "name": "out",
              "path": "/nix/store/hfcikvrjjd72cs0p8sv11b4kblfjpwif-kustomize-5.8.0",
              "default": true
            }
          ],
          "store_path": "/nix/store/hfcikvrjjd72cs0p8sv11b4kblfjpwif-kustomize-5.8.0"
        }
      }
    },
    "lua-language-server@3.18.1": {
      "last_modified": "2026-04-23T13:07:47Z",
      "resolved": "github:NixOS/nixpkgs/01fbdeef22b76df85ea168fbfe1bfd9e63681b30#lua-language-server",
      "source": "devbox-search",
      "version": "3.18.1",
      "systems": {
        "aarch64-darwin": {
          "outputs": [
            {
              "name": "out",
              "path": "/nix/store/kfzmihnvywkfcfjbp1flvwysiv4wfgal-lua-language-server-3.18.1",
              "default": true
            }
          ],
          "store_path": "/nix/store/kfzmihnvywkfcfjbp1flvwysiv4wfgal-lua-language-server-3.18.1"
        },
        "aarch64-linux": {
          "outputs": [
            {
              "name": "out",
              "path": "/nix/store/fkr78lkigvy1zhwfy8iyngr8n1xf9pi0-lua-language-server-3.18.1",
              "default": true
            }
          ],
          "store_path": "/nix/store/fkr78lkigvy1zhwfy8iyngr8n1xf9pi0-lua-language-server-3.18.1"
        },
        "x86_64-darwin": {
          "outputs": [
            {
              "name": "out",
              "path": "/nix/store/bspygw6h8bzkm7v3hgwjkpl4wvkhln33-lua-language-server-3.18.1",
              "default": true
            }
          ],
          "store_path": "/nix/store/bspygw6h8bzkm7v3hgwjkpl4wvkhln33-lua-language-server-3.18.1"
        },
        "x86_64-linux": {
          "outputs": [
            {
              "name": "out",
              "path": "/nix/store/wbgy4s0frch44bk77jq014xr2cvii8jq-lua-language-server-3.18.1",
              "default": true
            }
          ],
          "store_path": "/nix/store/wbgy4s0frch44bk77jq014xr2cvii8jq-lua-language-server-3.18.1"
        }
      }
    },
    "neovim@0.12.2": {
      "last_modified": "2026-05-07T03:23:16Z",
      "resolved": "github:NixOS/nixpkgs/68a8af93ff4297686cb68880845e61e5e2e41d92#neovim",
      "source": "devbox-search",
      "version": "0.12.2",
      "systems": {
        "aarch64-darwin": {
          "outputs": [
            {
              "name": "out",
              "path": "/nix/store/k5gf5fbn9ym35v7yh6xzrz7y0ba8f0fs-neovim-0.12.2",
              "default": true
            }
          ],
          "store_path": "/nix/store/k5gf5fbn9ym35v7yh6xzrz7y0ba8f0fs-neovim-0.12.2"
        },
        "aarch64-linux": {
          "outputs": [
            {
              "name": "out",
              "path": "/nix/store/kp31mrl7diawnwidln8sdmhq6066cwq6-neovim-0.12.2",
              "default": true
            }
          ],
          "store_path": "/nix/store/kp31mrl7diawnwidln8sdmhq6066cwq6-neovim-0.12.2"
        },
        "x86_64-darwin": {
          "outputs": [
            {
              "name": "out",
              "path": "/nix/store/2qz7hd2vjn4n09djin04pqqfz1hk2n2g-neovim-0.12.2",
              "default": true
            }
          ],
          "store_path": "/nix/store/2qz7hd2vjn4n09djin04pqqfz1hk2n2g-neovim-0.12.2"
        },
        "x86_64-linux": {
          "outputs": [
            {
              "name": "out",
              "path": "/nix/store/14phl1n07zll0pg902h240kfxikl9bwy-neovim-0.12.2",
              "default": true
            }
          ],
          "store_path": "/nix/store/14phl1n07zll0pg902h240kfxikl9bwy-neovim-0.12.2"
        }
      }
    },
    "nodejs@24.12.0": {
      "last_modified": "2025-12-27T12:56:01Z",
      "plugin_version": "0.0.2",
      "resolved": "github:NixOS/nixpkgs/3edc4a30ed3903fdf6f90c837f961fa6b49582d1#nodejs_24",
      "source": "devbox-search",
      "version": "24.12.0",
      "systems": {
        "aarch64-darwin": {
          "outputs": [
            {
              "name": "out",
              "path": "/nix/store/b1h0af3yb3z9jz048phclcqw6ihiww67-nodejs-24.12.0",
              "default": true
            },
            {
              "name": "dev",
              "path": "/nix/store/ksn4nj0nbp0ikmh4scy9x4biqqdswwhy-nodejs-24.12.0-dev"
            },
            {
              "name": "libv8",
              "path": "/nix/store/3x72bm7l30ib7l7cximrp0sklcq8jqwy-nodejs-24.12.0-libv8"
            }
          ],
          "store_path": "/nix/store/b1h0af3yb3z9jz048phclcqw6ihiww67-nodejs-24.12.0"
        },
        "aarch64-linux": {
          "outputs": [
            {
              "name": "out",
              "path": "/nix/store/9jfsyhcr9c6rpm94lrkibv75jkggvwss-nodejs-24.12.0",
              "default": true
            },
            {
              "name": "dev",
              "path": "/nix/store/7izhv9x1yvsmyrhmmyps6bxjjclajm80-nodejs-24.12.0-dev"
            },
            {
              "name": "libv8",
              "path": "/nix/store/8hl74pnc1qyz68rg10ixw7fz32hcxqkk-nodejs-24.12.0-libv8"
            }
          ],
          "store_path": "/nix/store/9jfsyhcr9c6rpm94lrkibv75jkggvwss-nodejs-24.12.0"
        },
        "x86_64-darwin": {
          "outputs": [
            {
              "name": "out",
              "path": "/nix/store/cj1243xswxvnwgifyiyg8axhn0r2vl48-nodejs-24.12.0",
              "default": true
            },
            {
              "name": "dev",
              "path": "/nix/store/kzia3rkaf9vwpn3py23q9v49jpjm6zx7-nodejs-24.12.0-dev"
            },
            {
              "name": "libv8",
              "path": "/nix/store/xszji81xj7ghjhz7jk0jkhb84nfwyd8f-nodejs-24.12.0-libv8"
            }
          ],
          "store_path": "/nix/store/cj1243xswxvnwgifyiyg8axhn0r2vl48-nodejs-24.12.0"
        },
        "x86_64-linux": {
          "outputs": [
            {
              "name": "out",
              "path": "/nix/store/9z1v3wyrxp6fpyzw21lcakd5w7aknzyc-nodejs-24.12.0",
              "default": true
            },
            {
              "name": "libv8",
              "path": "/nix/store/5yvx909wlis13qd2y1ahwl7ij21ma69a-nodejs-24.12.0-libv8"
            },
            {
              "name": "dev",
              "path": "/nix/store/7ll99p08gmpg0n048669p80zjibl5akr-nodejs-24.12.0-dev"
            }
          ],
          "store_path": "/nix/store/9z1v3wyrxp6fpyzw21lcakd5w7aknzyc-nodejs-24.12.0"
        }
      }
    },
    "ripgrep@15.1.0": {
      "last_modified": "2026-04-23T13:07:47Z",
      "resolved": "github:NixOS/nixpkgs/01fbdeef22b76df85ea168fbfe1bfd9e63681b30#ripgrep",
      "source": "devbox-search",
      "version": "15.1.0",
      "systems": {
        "aarch64-darwin": {
          "outputs": [
            {
              "name": "out",
              "path": "/nix/store/9jagafbvx627qam4f0lnksa8yagk45f7-ripgrep-15.1.0",
              "default": true
            }
          ],
          "store_path": "/nix/store/9jagafbvx627qam4f0lnksa8yagk45f7-ripgrep-15.1.0"
        },
        "aarch64-linux": {
          "outputs": [
            {
              "name": "out",
              "path": "/nix/store/jni4f23vaph0aiz3cmazzbd7bbyg9630-ripgrep-15.1.0",
              "default": true
            }
          ],
          "store_path": "/nix/store/jni4f23vaph0aiz3cmazzbd7bbyg9630-ripgrep-15.1.0"
        },
        "x86_64-darwin": {
          "outputs": [
            {
              "name": "out",
              "path": "/nix/store/7frjm3h84914avlbl7f2nhgxirnn7ryx-ripgrep-15.1.0",
              "default": true
            }
          ],
          "store_path": "/nix/store/7frjm3h84914avlbl7f2nhgxirnn7ryx-ripgrep-15.1.0"
        },
        "x86_64-linux": {
          "outputs": [
            {
              "name": "out",
              "path": "/nix/store/abq2d8kfixpmgn0sm843pf6jhv5s4qhg-ripgrep-15.1.0",
              "default": true
            }
          ],
          "store_path": "/nix/store/abq2d8kfixpmgn0sm843pf6jhv5s4qhg-ripgrep-15.1.0"
        }
      }
    },
    "rust-analyzer@2026-04-13": {
      "last_modified": "2026-04-23T13:07:47Z",
      "resolved": "github:NixOS/nixpkgs/01fbdeef22b76df85ea168fbfe1bfd9e63681b30#rust-analyzer",
      "source": "devbox-search",
      "version": "2026-04-13",
      "systems": {
        "aarch64-darwin": {
          "outputs": [
            {
              "name": "out",
              "path": "/nix/store/j3z3f24f5x3509sk5r9jwvmv2319kbvc-rust-analyzer-2026-04-13",
              "default": true
            }
          ],
          "store_path": "/nix/store/j3z3f24f5x3509sk5r9jwvmv2319kbvc-rust-analyzer-2026-04-13"
        },
        "aarch64-linux": {
          "outputs": [
            {
              "name": "out",
              "path": "/nix/store/df0jllwi21xfn4qxhnw2n93af4bp7dwf-rust-analyzer-2026-04-13",
              "default": true
            }
          ],
          "store_path": "/nix/store/df0jllwi21xfn4qxhnw2n93af4bp7dwf-rust-analyzer-2026-04-13"
        },
        "x86_64-darwin": {
          "outputs": [
            {
              "name": "out",
              "path": "/nix/store/a9mqczfhasr5k7gjk1ly4c5qv595295y-rust-analyzer-2026-04-13",
              "default": true
            }
          ],
          "store_path": "/nix/store/a9mqczfhasr5k7gjk1ly4c5qv595295y-rust-analyzer-2026-04-13"
        },
        "x86_64-linux": {
          "outputs": [
            {
              "name": "out",
              "path": "/nix/store/jwpcafaf4ykbh19kaxhqy9xc7avcfx6r-rust-analyzer-2026-04-13",
              "default": true
            }
          ],
          "store_path": "/nix/store/jwpcafaf4ykbh19kaxhqy9xc7avcfx6r-rust-analyzer-2026-04-13"
        }
      }
    },
    "stern@1.33.1": {
      "last_modified": "2026-04-23T13:07:47Z",
      "resolved": "github:NixOS/nixpkgs/01fbdeef22b76df85ea168fbfe1bfd9e63681b30#stern",
      "source": "devbox-search",
      "version": "1.33.1",
      "systems": {
        "aarch64-darwin": {
          "outputs": [
            {
              "name": "out",
              "path": "/nix/store/20vrn2dii59ncyknbfb43alcfawrz0hw-stern-1.33.1",
              "default": true
            }
          ],
          "store_path": "/nix/store/20vrn2dii59ncyknbfb43alcfawrz0hw-stern-1.33.1"
        },
        "aarch64-linux": {
          "outputs": [
            {
              "name": "out",
              "path": "/nix/store/5qhmrpsyhy4bb24srihfqfdvmrj64525-stern-1.33.1",
              "default": true
            }
          ],
          "store_path": "/nix/store/5qhmrpsyhy4bb24srihfqfdvmrj64525-stern-1.33.1"
        },
        "x86_64-darwin": {
          "outputs": [
            {
              "name": "out",
              "path": "/nix/store/a7xa1ghy08qmly5jjw2c4i6iryn7iji9-stern-1.33.1",
              "default": true
            }
          ],
          "store_path": "/nix/store/a7xa1ghy08qmly5jjw2c4i6iryn7iji9-stern-1.33.1"
        },
        "x86_64-linux": {
          "outputs": [
            {
              "name": "out",
              "path": "/nix/store/glpgc4bnsr93zaybq56b46n3w7f8ac26-stern-1.33.1",
              "default": true
            }
          ],
          "store_path": "/nix/store/glpgc4bnsr93zaybq56b46n3w7f8ac26-stern-1.33.1"
        }
      }
    },
    "terraform-ls@0.38.6": {
      "last_modified": "2026-04-23T13:07:47Z",
      "resolved": "github:NixOS/nixpkgs/01fbdeef22b76df85ea168fbfe1bfd9e63681b30#terraform-ls",
      "source": "devbox-search",
      "version": "0.38.6",
      "systems": {
        "aarch64-darwin": {
          "outputs": [
            {
              "name": "out",
              "path": "/nix/store/l89yj59s0aj2f4qqd280g5msblirnwj1-terraform-ls-0.38.6",
              "default": true
            }
          ],
          "store_path": "/nix/store/l89yj59s0aj2f4qqd280g5msblirnwj1-terraform-ls-0.38.6"
        },
        "aarch64-linux": {
          "outputs": [
            {
              "name": "out",
              "path": "/nix/store/ibbdy7d8gi2scr6kjw4y9bg9awzcad4h-terraform-ls-0.38.6",
              "default": true
            }
          ],
          "store_path": "/nix/store/ibbdy7d8gi2scr6kjw4y9bg9awzcad4h-terraform-ls-0.38.6"
        },
        "x86_64-darwin": {
          "outputs": [
            {
              "name": "out",
              "path": "/nix/store/9f9lmmlhj1mjjg2946bc3wgz8d9riyhz-terraform-ls-0.38.6",
              "default": true
            }
          ],
          "store_path": "/nix/store/9f9lmmlhj1mjjg2946bc3wgz8d9riyhz-terraform-ls-0.38.6"
        },
        "x86_64-linux": {
          "outputs": [
            {
              "name": "out",
              "path": "/nix/store/md6p15n5padrjgx6f1n2880xs2n6gjg5-terraform-ls-0.38.6",
              "default": true
            }
          ],
          "store_path": "/nix/store/md6p15n5padrjgx6f1n2880xs2n6gjg5-terraform-ls-0.38.6"
        }
      }
    },
    "tree-sitter@0.26.8": {
      "last_modified": "2026-04-23T13:07:47Z",
      "resolved": "github:NixOS/nixpkgs/01fbdeef22b76df85ea168fbfe1bfd9e63681b30#tree-sitter",
      "source": "devbox-search",
      "version": "0.26.8",
      "systems": {
        "aarch64-darwin": {
          "outputs": [
            {
              "name": "out",
              "path": "/nix/store/ny9mp875yr0x2qsx8r0m15r6xz98rk5p-tree-sitter-0.26.8",
              "default": true
            }
          ],
          "store_path": "/nix/store/ny9mp875yr0x2qsx8r0m15r6xz98rk5p-tree-sitter-0.26.8"
        },
        "aarch64-linux": {
          "outputs": [
            {
              "name": "out",
              "path": "/nix/store/hjknw81ynvjalsjx60li7kb2fi5p8fzb-tree-sitter-0.26.8",
              "default": true
            }
          ],
          "store_path": "/nix/store/hjknw81ynvjalsjx60li7kb2fi5p8fzb-tree-sitter-0.26.8"
        },
        "x86_64-darwin": {
          "outputs": [
            {
              "name": "out",
              "path": "/nix/store/f4p2jf3ryc0n2bc6w549slgydbgpimb5-tree-sitter-0.26.8",
              "default": true
            }
          ],
          "store_path": "/nix/store/f4p2jf3ryc0n2bc6w549slgydbgpimb5-tree-sitter-0.26.8"
        },
        "x86_64-linux": {
          "outputs": [
            {
              "name": "out",
              "path": "/nix/store/44rldadal7sqwlnmcskhgw10m7vvkcxj-tree-sitter-0.26.8",
              "default": true
            }
          ],
          "store_path": "/nix/store/44rldadal7sqwlnmcskhgw10m7vvkcxj-tree-sitter-0.26.8"
        }
      }
    },
    "yq-go@4.53.2": {
      "last_modified": "2026-04-23T13:07:47Z",
      "resolved": "github:NixOS/nixpkgs/01fbdeef22b76df85ea168fbfe1bfd9e63681b30#yq-go",
      "source": "devbox-search",
      "version": "4.53.2",
      "systems": {
        "aarch64-darwin": {
          "outputs": [
            {
              "name": "out",
              "path": "/nix/store/l71i1w1yp0n8hbc5kxn7c4zliw2zfgag-yq-go-4.53.2",
              "default": true
            }
          ],
          "store_path": "/nix/store/l71i1w1yp0n8hbc5kxn7c4zliw2zfgag-yq-go-4.53.2"
        },
        "aarch64-linux": {
          "outputs": [
            {
              "name": "out",
              "path": "/nix/store/kjxyjgagpg303nc5r3qrg6vsaxg55v5a-yq-go-4.53.2",
              "default": true
            }
          ],
          "store_path": "/nix/store/kjxyjgagpg303nc5r3qrg6vsaxg55v5a-yq-go-4.53.2"
        },
        "x86_64-darwin": {
          "outputs": [
            {
              "name": "out",
              "path": "/nix/store/hq1v4s7gb92bbggigwxknldm377g1kdn-yq-go-4.53.2",
              "default": true
            }
          ],
          "store_path": "/nix/store/hq1v4s7gb92bbggigwxknldm377g1kdn-yq-go-4.53.2"
        },
        "x86_64-linux": {
          "outputs": [
            {
              "name": "out",
              "path": "/nix/store/carfqfrwa2am86fm7ms8xp9bb5bh6jmv-yq-go-4.53.2",
              "default": true
            }
          ],
          "store_path": "/nix/store/carfqfrwa2am86fm7ms8xp9bb5bh6jmv-yq-go-4.53.2"
        }
      }
    }
  }
}
