{
  "lockfile_version": "1",
  "packages": {
    "awscli2@latest": {
      "last_modified": "2026-05-21T08:15:18Z",
      "resolved": "github:NixOS/nixpkgs/4a29d733e8a7d5b824c3d8c958a946a9867b3eb2#awscli2",
      "source": "devbox-search",
      "version": "2.34.24",
      "systems": {
        "aarch64-darwin": {
          "outputs": [
            {
              "name": "out",
              "path": "/nix/store/w5lflgz514vbsl45vc63qrfw37swrklm-awscli2-2.34.24",
              "default": true
            },
            {
              "name": "dist",
              "path": "/nix/store/gnfvy1z0izf2p4rwvjna803fpsvzjdb1-awscli2-2.34.24-dist"
            }
          ],
          "store_path": "/nix/store/w5lflgz514vbsl45vc63qrfw37swrklm-awscli2-2.34.24"
        },
        "aarch64-linux": {
          "outputs": [
            {
              "name": "out",
              "path": "/nix/store/6mpssrq9lmawn3ncwyyj0lnlv5smbnvx-awscli2-2.34.24",
              "default": true
            },
            {
              "name": "dist",
              "path": "/nix/store/9acg1jrvac2sqcwss8878jmxl34ybn51-awscli2-2.34.24-dist"
            }
          ],
          "store_path": "/nix/store/6mpssrq9lmawn3ncwyyj0lnlv5smbnvx-awscli2-2.34.24"
        },
        "x86_64-darwin": {
          "outputs": [
            {
              "name": "out",
              "path": "/nix/store/6xz79kc9jji7m9qxsv33bslv4p737z1n-awscli2-2.34.24",
              "default": true
            },
            {
              "name": "dist",
              "path": "/nix/store/j15v56g8yxsq7yc6m5lkhkhh448p2rhn-awscli2-2.34.24-dist"
            }
          ],
          "store_path": "/nix/store/6xz79kc9jji7m9qxsv33bslv4p737z1n-awscli2-2.34.24"
        },
        "x86_64-linux": {
          "outputs": [
            {
              "name": "out",
              "path": "/nix/store/1kxvaj17xxfl0dznykiqn2ikscajpwag-awscli2-2.34.24",
              "default": true
            },
            {
              "name": "dist",
              "path": "/nix/store/d61f9km3qfzb3xwa1nzd662ii8607zdh-awscli2-2.34.24-dist"
            }
          ],
          "store_path": "/nix/store/1kxvaj17xxfl0dznykiqn2ikscajpwag-awscli2-2.34.24"
        }
      }
    },
    "claude-code@latest": {
      "last_modified": "2026-05-27T10:28:13Z",
      "resolved": "github:NixOS/nixpkgs/4100e830e085863741bc69b156ec4ccd53ab5be0#claude-code",
      "source": "devbox-search",
      "version": "2.1.152",
      "systems": {
        "aarch64-darwin": {
          "outputs": [
            {
              "name": "out",
              "path": "/nix/store/6ixqj3blc1b9yj24rq4lvw5hrm5gnc45-claude-code-2.1.152",
              "default": true
            }
          ],
          "store_path": "/nix/store/6ixqj3blc1b9yj24rq4lvw5hrm5gnc45-claude-code-2.1.152"
        },
        "aarch64-linux": {
          "outputs": [
            {
              "name": "out",
              "path": "/nix/store/n3nvqjd04rjxiqls6awwn98a4wd9a754-claude-code-2.1.152",
              "default": true
            }
          ],
          "store_path": "/nix/store/n3nvqjd04rjxiqls6awwn98a4wd9a754-claude-code-2.1.152"
        },
        "x86_64-darwin": {
          "outputs": [
            {
              "name": "out",
              "path": "/nix/store/zhhfv23kpl3k7j66zd8zi1f6ai434wgw-claude-code-2.1.152",
              "default": true
            }
          ],
          "store_path": "/nix/store/zhhfv23kpl3k7j66zd8zi1f6ai434wgw-claude-code-2.1.152"
        },
        "x86_64-linux": {
          "outputs": [
            {
              "name": "out",
              "path": "/nix/store/ls2wzf4f4fdai1iy11xvbladkq348czp-claude-code-2.1.152",
              "default": true
            }
          ],
          "store_path": "/nix/store/ls2wzf4f4fdai1iy11xvbladkq348czp-claude-code-2.1.152"
        }
      }
    },
    "codex@latest": {
      "last_modified": "2026-05-22T18:39:28Z",
      "resolved": "github:NixOS/nixpkgs/a0991c886dc83e6e9de01d5266e4842985b1850e#codex",
      "source": "devbox-search",
      "version": "0.133.0",
      "systems": {
        "aarch64-darwin": {
          "outputs": [
            {
              "name": "out",
              "path": "/nix/store/3989mh54c44d6lrjyrapk37187brwkgf-codex-0.133.0",
              "default": true
            }
          ],
          "store_path": "/nix/store/3989mh54c44d6lrjyrapk37187brwkgf-codex-0.133.0"
        },
        "aarch64-linux": {
          "outputs": [
            {
              "name": "out",
              "path": "/nix/store/4jgv6y03chvad2qh77xnbi9805vdb8sc-codex-0.133.0",
              "default": true
            }
          ],
          "store_path": "/nix/store/4jgv6y03chvad2qh77xnbi9805vdb8sc-codex-0.133.0"
        },
        "x86_64-darwin": {
          "outputs": [
            {
              "name": "out",
              "path": "/nix/store/mb01qnylk0q6vdzq6v6wlkw4w0pmd1fl-codex-0.133.0",
              "default": true
            }
          ],
          "store_path": "/nix/store/mb01qnylk0q6vdzq6v6wlkw4w0pmd1fl-codex-0.133.0"
        },
        "x86_64-linux": {
          "outputs": [
            {
              "name": "out",
              "path": "/nix/store/397dbj9vas9p2yb905wsnx4jvskjnx3h-codex-0.133.0",
              "default": true
            }
          ],
          "store_path": "/nix/store/397dbj9vas9p2yb905wsnx4jvskjnx3h-codex-0.133.0"
        }
      }
    },
    "copilot-language-server@1.477.0": {
      "last_modified": "2026-04-28T17:03:49Z",
      "resolved": "github:NixOS/nixpkgs/e75f25705c2934955ee5075e62530d74aca973c6#copilot-language-server",
      "source": "devbox-search",
      "version": "1.477.0",
      "systems": {
        "aarch64-darwin": {
          "outputs": [
            {
              "name": "out",
              "path": "/nix/store/qghn8g8vjhskjy7w5adnzlwlbj2k0skq-copilot-language-server-1.477.0",
              "default": true
            }
          ],
          "store_path": "/nix/store/qghn8g8vjhskjy7w5adnzlwlbj2k0skq-copilot-language-server-1.477.0"
        },
        "aarch64-linux": {
          "outputs": [
            {
              "name": "out",
              "path": "/nix/store/9qi51z07fcjskx904d9f54n01nv8nycx-copilot-language-server-1.477.0",
              "default": true
            }
          ],
          "store_path": "/nix/store/9qi51z07fcjskx904d9f54n01nv8nycx-copilot-language-server-1.477.0"
        },
        "x86_64-darwin": {
          "outputs": [
            {
              "name": "out",
              "path": "/nix/store/gzjnvyfllalprk6p3kx8ap7wrjvw9frl-copilot-language-server-1.477.0",
              "default": true
            }
          ],
          "store_path": "/nix/store/gzjnvyfllalprk6p3kx8ap7wrjvw9frl-copilot-language-server-1.477.0"
        },
        "x86_64-linux": {
          "outputs": [
            {
              "name": "out",
              "path": "/nix/store/pj7731h0j32rjikgb5971kx71hfji2dk-copilot-language-server-1.477.0",
              "default": true
            }
          ],
          "store_path": "/nix/store/pj7731h0j32rjikgb5971kx71hfji2dk-copilot-language-server-1.477.0"
        }
      }
    },
    "devcontainer@0.86.0": {
      "last_modified": "2026-05-06T12:40:13Z",
      "resolved": "github:NixOS/nixpkgs/07800bee2b362f6c73fe17cb1593a260c5e183c6#devcontainer",
      "source": "devbox-search",
      "version": "0.86.0",
      "systems": {
        "aarch64-darwin": {
          "outputs": [
            {
              "name": "out",
              "path": "/nix/store/rh1c7jdg0ic8imihl9zbxp79hf55vvrg-devcontainer-0.86.0",
              "default": true
            }
          ],
          "store_path": "/nix/store/rh1c7jdg0ic8imihl9zbxp79hf55vvrg-devcontainer-0.86.0"
        },
        "aarch64-linux": {
          "outputs": [
            {
              "name": "out",
              "path": "/nix/store/map6lm77bfhqp1wqmv4q811z97c41f5y-devcontainer-0.86.0",
              "default": true
            }
          ],
          "store_path": "/nix/store/map6lm77bfhqp1wqmv4q811z97c41f5y-devcontainer-0.86.0"
        },
        "x86_64-darwin": {
          "outputs": [
            {
              "name": "out",
              "path": "/nix/store/np8bpijww2s3d7fb9si9j0l8sc9zqj30-devcontainer-0.86.0",
              "default": true
            }
          ],
          "store_path": "/nix/store/np8bpijww2s3d7fb9si9j0l8sc9zqj30-devcontainer-0.86.0"
        },
        "x86_64-linux": {
          "outputs": [
            {
              "name": "out",
              "path": "/nix/store/r7xch3vin1q8awvig1la7c9chhgxgc04-devcontainer-0.86.0",
              "default": true
            }
          ],
          "store_path": "/nix/store/r7xch3vin1q8awvig1la7c9chhgxgc04-devcontainer-0.86.0"
        }
      }
    },
    "flarectl@latest": {
      "last_modified": "2026-05-21T08:15:18Z",
      "resolved": "github:NixOS/nixpkgs/4a29d733e8a7d5b824c3d8c958a946a9867b3eb2#flarectl",
      "source": "devbox-search",
      "version": "0.116.0",
      "systems": {
        "aarch64-darwin": {
          "outputs": [
            {
              "name": "out",
              "path": "/nix/store/mrj0j2mc6whxvbjfr6yjs34p5zcdzxwr-flarectl-0.116.0",
              "default": true
            }
          ],
          "store_path": "/nix/store/mrj0j2mc6whxvbjfr6yjs34p5zcdzxwr-flarectl-0.116.0"
        },
        "aarch64-linux": {
          "outputs": [
            {
              "name": "out",
              "path": "/nix/store/xx9fl62ib3x6x9j0s1587aj9aw952jb5-flarectl-0.116.0",
              "default": true
            }
          ],
          "store_path": "/nix/store/xx9fl62ib3x6x9j0s1587aj9aw952jb5-flarectl-0.116.0"
        },
        "x86_64-darwin": {
          "outputs": [
            {
              "name": "out",
              "path": "/nix/store/zfd5m2nhb286g7d3b9b4sdz0xxv25nwk-flarectl-0.116.0",
              "default": true
            }
          ],
          "store_path": "/nix/store/zfd5m2nhb286g7d3b9b4sdz0xxv25nwk-flarectl-0.116.0"
        },
        "x86_64-linux": {
          "outputs": [
            {
              "name": "out",
              "path": "/nix/store/2c8x84aiczd9lwr5zzhav83mj035j9ca-flarectl-0.116.0",
              "default": true
            }
          ],
          "store_path": "/nix/store/2c8x84aiczd9lwr5zzhav83mj035j9ca-flarectl-0.116.0"
        }
      }
    },
    "fzf@0.72.0": {
      "last_modified": "2026-05-21T08:15:18Z",
      "resolved": "github:NixOS/nixpkgs/4a29d733e8a7d5b824c3d8c958a946a9867b3eb2#fzf",
      "source": "devbox-search",
      "version": "0.72.0",
      "systems": {
        "aarch64-darwin": {
          "outputs": [
            {
              "name": "out",
              "path": "/nix/store/klpkfdwjrinnm761d156lhdl0awdl255-fzf-0.72.0",
              "default": true
            },
            {
              "name": "man",
              "path": "/nix/store/wv7k1bym6fq1ch6z8q4hvm027jsqga52-fzf-0.72.0-man",
              "default": true
            }
          ],
          "store_path": "/nix/store/klpkfdwjrinnm761d156lhdl0awdl255-fzf-0.72.0"
        },
        "aarch64-linux": {
          "outputs": [
            {
              "name": "out",
              "path": "/nix/store/k8kshbiklaz6yzmpq106inniwaj63wsd-fzf-0.72.0",
              "default": true
            },
            {
              "name": "man",
              "path": "/nix/store/81i9a47przi2qmg3plkbimvxhmxy3mh1-fzf-0.72.0-man",
              "default": true
            }
          ],
          "store_path": "/nix/store/k8kshbiklaz6yzmpq106inniwaj63wsd-fzf-0.72.0"
        },
        "x86_64-darwin": {
          "outputs": [
            {
              "name": "out",
              "path": "/nix/store/xwx1qd5vxddakglfhazqn4jpis1lbgrq-fzf-0.72.0",
              "default": true
            },
            {
              "name": "man",
              "path": "/nix/store/ba87gn3a044jklgmw3bdhy7hmdb7fg5a-fzf-0.72.0-man",
              "default": true
            }
          ],
          "store_path": "/nix/store/xwx1qd5vxddakglfhazqn4jpis1lbgrq-fzf-0.72.0"
        },
        "x86_64-linux": {
          "outputs": [
            {
              "name": "out",
              "path": "/nix/store/lirvpf107gv5b2aybwn2bns5xs16q9xy-fzf-0.72.0",
              "default": true
            },
            {
              "name": "man",
              "path": "/nix/store/zcsdgmqmqa1g2sn7yylp8p68blk02s44-fzf-0.72.0-man",
              "default": true
            }
          ],
          "store_path": "/nix/store/lirvpf107gv5b2aybwn2bns5xs16q9xy-fzf-0.72.0"
        }
      }
    },
    "gh@2.88.1": {
      "last_modified": "2026-03-21T07:29:51Z",
      "resolved": "github:NixOS/nixpkgs/09061f748ee21f68a089cd5d91ec1859cd93d0be#gh",
      "source": "devbox-search",
      "version": "2.88.1",
      "systems": {
        "aarch64-darwin": {
          "outputs": [
            {
              "name": "out",
              "path": "/nix/store/mkjsxxbz3pkics0xnly7p8iqgr2awfgw-gh-2.88.1",
              "default": true
            }
          ],
          "store_path": "/nix/store/mkjsxxbz3pkics0xnly7p8iqgr2awfgw-gh-2.88.1"
        },
        "aarch64-linux": {
          "outputs": [
            {
              "name": "out",
              "path": "/nix/store/1r8rp0324hmmim4p9lryhq6ck5s0z9h3-gh-2.88.1",
              "default": true
            }
          ],
          "store_path": "/nix/store/1r8rp0324hmmim4p9lryhq6ck5s0z9h3-gh-2.88.1"
        },
        "x86_64-darwin": {
          "outputs": [
            {
              "name": "out",
              "path": "/nix/store/5p7zchbbsws3d57mifs4h28fpb6jm2iv-gh-2.88.1",
              "default": true
            }
          ],
          "store_path": "/nix/store/5p7zchbbsws3d57mifs4h28fpb6jm2iv-gh-2.88.1"
        },
        "x86_64-linux": {
          "outputs": [
            {
              "name": "out",
              "path": "/nix/store/sgwlyr2d03y1jgzh2iph82yrg8wwvn2f-gh-2.88.1",
              "default": true
            }
          ],
          "store_path": "/nix/store/sgwlyr2d03y1jgzh2iph82yrg8wwvn2f-gh-2.88.1"
        }
      }
    },
    "ghq@1.9.4": {
      "last_modified": "2026-05-21T08:15:18Z",
      "resolved": "github:NixOS/nixpkgs/4a29d733e8a7d5b824c3d8c958a946a9867b3eb2#ghq",
      "source": "devbox-search",
      "version": "1.9.4",
      "systems": {
        "aarch64-darwin": {
          "outputs": [
            {
              "name": "out",
              "path": "/nix/store/8ipidmvqb8pf514yiybkvfxaadhw6bww-ghq-1.9.4",
              "default": true
            }
          ],
          "store_path": "/nix/store/8ipidmvqb8pf514yiybkvfxaadhw6bww-ghq-1.9.4"
        },
        "aarch64-linux": {
          "outputs": [
            {
              "name": "out",
              "path": "/nix/store/xphpqxx19ibpqzm7lk9n4wmhafakmkf2-ghq-1.9.4",
              "default": true
            }
          ],
          "store_path": "/nix/store/xphpqxx19ibpqzm7lk9n4wmhafakmkf2-ghq-1.9.4"
        },
        "x86_64-darwin": {
          "outputs": [
            {
              "name": "out",
              "path": "/nix/store/i91j9sw97j06r536fz22xwgwd2bvik57-ghq-1.9.4",
              "default": true
            }
          ],
          "store_path": "/nix/store/i91j9sw97j06r536fz22xwgwd2bvik57-ghq-1.9.4"
        },
        "x86_64-linux": {
          "outputs": [
            {
              "name": "out",
              "path": "/nix/store/0kb9xs10n1n4ykvrbi7lpq2gq5lpdqba-ghq-1.9.4",
              "default": true
            }
          ],
          "store_path": "/nix/store/0kb9xs10n1n4ykvrbi7lpq2gq5lpdqba-ghq-1.9.4"
        }
      }
    },
    "github:NixOS/nixpkgs/nixpkgs-unstable": {
      "last_modified": "2026-05-29T05:01:12Z",
      "resolved": "github:NixOS/nixpkgs/e9a7635a57597d9754eccebdfc7045e6c8600e6b?lastModified=1780030872"
    },
    "gitleaks@8.30.1": {
      "last_modified": "2026-05-21T08:15:18Z",
      "resolved": "github:NixOS/nixpkgs/4a29d733e8a7d5b824c3d8c958a946a9867b3eb2#gitleaks",
      "source": "devbox-search",
      "version": "8.30.1",
      "systems": {
        "aarch64-darwin": {
          "outputs": [
            {
              "name": "out",
              "path": "/nix/store/cmgv6pm3d1agy3479anh2j2avlv9rw5g-gitleaks-8.30.1",
              "default": true
            }
          ],
          "store_path": "/nix/store/cmgv6pm3d1agy3479anh2j2avlv9rw5g-gitleaks-8.30.1"
        },
        "aarch64-linux": {
          "outputs": [
            {
              "name": "out",
              "path": "/nix/store/4gr9d3wa5nzp0pkbacncmmynb01gcv91-gitleaks-8.30.1",
              "default": true
            }
          ],
          "store_path": "/nix/store/4gr9d3wa5nzp0pkbacncmmynb01gcv91-gitleaks-8.30.1"
        },
        "x86_64-darwin": {
          "outputs": [
            {
              "name": "out",
              "path": "/nix/store/j5agzxhhx87fb685vk4q7n2ijmai8hk0-gitleaks-8.30.1",
              "default": true
            }
          ],
          "store_path": "/nix/store/j5agzxhhx87fb685vk4q7n2ijmai8hk0-gitleaks-8.30.1"
        },
        "x86_64-linux": {
          "outputs": [
            {
              "name": "out",
              "path": "/nix/store/3dns49p6h9mc2kx2ax23f2226b3mzvz6-gitleaks-8.30.1",
              "default": true
            }
          ],
          "store_path": "/nix/store/3dns49p6h9mc2kx2ax23f2226b3mzvz6-gitleaks-8.30.1"
        }
      }
    },
    "google-cloud-sdk@latest": {
      "last_modified": "2026-05-21T08:15:18Z",
      "resolved": "github:NixOS/nixpkgs/4a29d733e8a7d5b824c3d8c958a946a9867b3eb2#google-cloud-sdk",
      "source": "devbox-search",
      "version": "565.0.0",
      "systems": {
        "aarch64-darwin": {
          "outputs": [
            {
              "name": "out",
              "path": "/nix/store/xr5h6l0w2fnv88aihdmxlsy27lqv6b2i-google-cloud-sdk-565.0.0",
              "default": true
            }
          ],
          "store_path": "/nix/store/xr5h6l0w2fnv88aihdmxlsy27lqv6b2i-google-cloud-sdk-565.0.0"
        },
        "aarch64-linux": {
          "outputs": [
            {
              "name": "out",
              "path": "/nix/store/ax2f6g4b1arj19qbzpqm9byf67h433cv-google-cloud-sdk-565.0.0",
              "default": true
            }
          ],
          "store_path": "/nix/store/ax2f6g4b1arj19qbzpqm9byf67h433cv-google-cloud-sdk-565.0.0"
        },
        "x86_64-darwin": {
          "outputs": [
            {
              "name": "out",
              "path": "/nix/store/jxxvx3rdwfq2hhjzp9difd7nd4w35889-google-cloud-sdk-565.0.0",
              "default": true
            }
          ],
          "store_path": "/nix/store/jxxvx3rdwfq2hhjzp9difd7nd4w35889-google-cloud-sdk-565.0.0"
        },
        "x86_64-linux": {
          "outputs": [
            {
              "name": "out",
              "path": "/nix/store/xp2q6siwhq3awv1lrdgqz187gxa90a7v-google-cloud-sdk-565.0.0",
              "default": true
            }
          ],
          "store_path": "/nix/store/xp2q6siwhq3awv1lrdgqz187gxa90a7v-google-cloud-sdk-565.0.0"
        }
      }
    },
    "gopls@0.21.1": {
      "last_modified": "2026-04-23T13:07:47Z",
      "resolved": "github:NixOS/nixpkgs/01fbdeef22b76df85ea168fbfe1bfd9e63681b30#gopls",
      "source": "devbox-search",
      "version": "0.21.1",
      "systems": {
        "aarch64-darwin": {
          "outputs": [
            {
              "name": "out",
              "path": "/nix/store/413m3ilc7h6p38ir6f8fyvws4mk71sr7-gopls-0.21.1",
              "default": true
            }
          ],
          "store_path": "/nix/store/413m3ilc7h6p38ir6f8fyvws4mk71sr7-gopls-0.21.1"
        },
        "aarch64-linux": {
          "outputs": [
            {
              "name": "out",
              "path": "/nix/store/zwnkabv87612v262575kq9pcafmydk9p-gopls-0.21.1",
              "default": true
            }
          ],
          "store_path": "/nix/store/zwnkabv87612v262575kq9pcafmydk9p-gopls-0.21.1"
        },
        "x86_64-darwin": {
          "outputs": [
            {
              "name": "out",
              "path": "/nix/store/and1sz88c9grpndnwb19dwhd1qfxb32m-gopls-0.21.1",
              "default": true
            }
          ],
          "store_path": "/nix/store/and1sz88c9grpndnwb19dwhd1qfxb32m-gopls-0.21.1"
        },
        "x86_64-linux": {
          "outputs": [
            {
              "name": "out",
              "path": "/nix/store/27awffybla1vqpjj2g8qmsgd1imj2w5l-gopls-0.21.1",
              "default": true
            }
          ],
          "store_path": "/nix/store/27awffybla1vqpjj2g8qmsgd1imj2w5l-gopls-0.21.1"
        }
      }
    },
    "kind@0.31.0": {
      "last_modified": "2026-05-21T08:15:18Z",
      "resolved": "github:NixOS/nixpkgs/4a29d733e8a7d5b824c3d8c958a946a9867b3eb2#kind",
      "source": "devbox-search",
      "version": "0.31.0",
      "systems": {
        "aarch64-darwin": {
          "outputs": [
            {
              "name": "out",
              "path": "/nix/store/ww08xq7nr2ajkbwsgwhbhzafrqpg32kg-kind-0.31.0",
              "default": true
            }
          ],
          "store_path": "/nix/store/ww08xq7nr2ajkbwsgwhbhzafrqpg32kg-kind-0.31.0"
        },
        "aarch64-linux": {
          "outputs": [
            {
              "name": "out",
              "path": "/nix/store/7x7704ppc07911lfds9giqh9xx6lax2r-kind-0.31.0",
              "default": true
            }
          ],
          "store_path": "/nix/store/7x7704ppc07911lfds9giqh9xx6lax2r-kind-0.31.0"
        },
        "x86_64-darwin": {
          "outputs": [
            {
              "name": "out",
              "path": "/nix/store/b643pbvn3lq5saw4an10fzkfs0zkkwin-kind-0.31.0",
              "default": true
            }
          ],
          "store_path": "/nix/store/b643pbvn3lq5saw4an10fzkfs0zkkwin-kind-0.31.0"
        },
        "x86_64-linux": {
          "outputs": [
            {
              "name": "out",
              "path": "/nix/store/vwa0340xq0i90bdjz57zbn22gg17vwc0-kind-0.31.0",
              "default": true
            }
          ],
          "store_path": "/nix/store/vwa0340xq0i90bdjz57zbn22gg17vwc0-kind-0.31.0"
        }
      }
    },
    "krew@0.5.0": {
      "last_modified": "2026-05-21T08:15:18Z",
      "resolved": "github:NixOS/nixpkgs/4a29d733e8a7d5b824c3d8c958a946a9867b3eb2#krew",
      "source": "devbox-search",
      "version": "0.5.0",
      "systems": {
        "aarch64-darwin": {
          "outputs": [
            {
              "name": "out",
              "path": "/nix/store/dmnx0blm26r21asa36rhnp355cp0x50s-krew-0.5.0",
              "default": true
            }
          ],
          "store_path": "/nix/store/dmnx0blm26r21asa36rhnp355cp0x50s-krew-0.5.0"
        },
        "aarch64-linux": {
          "outputs": [
            {
              "name": "out",
              "path": "/nix/store/2h9xgg7m7fz45z0wv73pfhr19v2dwgrq-krew-0.5.0",
              "default": true
            }
          ],
          "store_path": "/nix/store/2h9xgg7m7fz45z0wv73pfhr19v2dwgrq-krew-0.5.0"
        },
        "x86_64-darwin": {
          "outputs": [
            {
              "name": "out",
              "path": "/nix/store/rhk762v2v4710sgvws6jiaqc1pija1fq-krew-0.5.0",
              "default": true
            }
          ],
          "store_path": "/nix/store/rhk762v2v4710sgvws6jiaqc1pija1fq-krew-0.5.0"
        },
        "x86_64-linux": {
          "outputs": [
            {
              "name": "out",
              "path": "/nix/store/f2vqkh618s6rr8a4706h5dkn5bnfv9bl-krew-0.5.0",
              "default": true
            }
          ],
          "store_path": "/nix/store/f2vqkh618s6rr8a4706h5dkn5bnfv9bl-krew-0.5.0"
        }
      }
    },
    "kubectl@1.36.0": {
      "last_modified": "2026-05-01T13:14:57Z",
      "resolved": "github:NixOS/nixpkgs/c6d65881c5624c9cae5ea6cedef24699b0c0a4c0#kubectl",
      "source": "devbox-search",
      "version": "1.36.0",
      "systems": {
        "aarch64-darwin": {
          "outputs": [
            {
              "name": "out",
              "path": "/nix/store/l13221pknyi76zx7vjv7h4qngprcfcjd-kubectl-1.36.0",
              "default": true
            },
            {
              "name": "man",
              "path": "/nix/store/kml6r55gfz7arl2pkb1i95wcv8qx7kdq-kubectl-1.36.0-man",
              "default": true
            },
            {
              "name": "convert",
              "path": "/nix/store/i82k8azv54nvbvlqkxsibq760fsc8p6c-kubectl-1.36.0-convert"
            }
          ],
          "store_path": "/nix/store/l13221pknyi76zx7vjv7h4qngprcfcjd-kubectl-1.36.0"
        },
        "aarch64-linux": {
          "outputs": [
            {
              "name": "out",
              "path": "/nix/store/0aidqq6r57iy85i9i04n8fxys5nph9m6-kubectl-1.36.0",
              "default": true
            },
            {
              "name": "man",
              "path": "/nix/store/khsk90hhkivnhxafp28higi05zndxfnx-kubectl-1.36.0-man",
              "default": true
            },
            {
              "name": "convert",
              "path": "/nix/store/lgmya39c4m9ajk120ny4y011fsq9rz6c-kubectl-1.36.0-convert"
            }
          ],
          "store_path": "/nix/store/0aidqq6r57iy85i9i04n8fxys5nph9m6-kubectl-1.36.0"
        },
        "x86_64-darwin": {
          "outputs": [
            {
              "name": "out",
              "path": "/nix/store/fhl0rmhhnhdhrb7y1yy9y15gxwrq44lf-kubectl-1.36.0",
              "default": true
            },
            {
              "name": "man",
              "path": "/nix/store/1k8krz6yxb2zxvvvncdxhbn62f0p2wx8-kubectl-1.36.0-man",
              "default": true
            },
            {
              "name": "convert",
              "path": "/nix/store/hq392ccg39naw49pk9ypywknw1i4r4a2-kubectl-1.36.0-convert"
            }
          ],
          "store_path": "/nix/store/fhl0rmhhnhdhrb7y1yy9y15gxwrq44lf-kubectl-1.36.0"
        },
        "x86_64-linux": {
          "outputs": [
            {
              "name": "out",
              "path": "/nix/store/3m8v5sg477z1v8c8kwrf8p3rqsm5gs3j-kubectl-1.36.0",
              "default": true
            },
            {
              "name": "man",
              "path": "/nix/store/gcv450pkhcdcnjqgmrch45afvdww43c1-kubectl-1.36.0-man",
              "default": true
            },
            {
              "name": "convert",
              "path": "/nix/store/04srrf0168d1fq2mwfvml64hqhz2n883-kubectl-1.36.0-convert"
            }
          ],
          "store_path": "/nix/store/3m8v5sg477z1v8c8kwrf8p3rqsm5gs3j-kubectl-1.36.0"
        }
      }
    },
    "kubernetes-helm@3.20.2": {
      "last_modified": "2026-05-21T08:15:18Z",
      "resolved": "github:NixOS/nixpkgs/4a29d733e8a7d5b824c3d8c958a946a9867b3eb2#kubernetes-helm",
      "source": "devbox-search",
      "version": "3.20.2",
      "systems": {
        "aarch64-darwin": {
          "outputs": [
            {
              "name": "out",
              "path": "/nix/store/gkrsgz343hdglwf80sd6bm03lsg6x4kr-kubernetes-helm-3.20.2",
              "default": true
            }
          ],
          "store_path": "/nix/store/gkrsgz343hdglwf80sd6bm03lsg6x4kr-kubernetes-helm-3.20.2"
        },
        "aarch64-linux": {
          "outputs": [
            {
              "name": "out",
              "path": "/nix/store/aw83ikfgr397vj9nac8j5vcdpr22hy56-kubernetes-helm-3.20.2",
              "default": true
            }
          ],
          "store_path": "/nix/store/aw83ikfgr397vj9nac8j5vcdpr22hy56-kubernetes-helm-3.20.2"
        },
        "x86_64-darwin": {
          "outputs": [
            {
              "name": "out",
              "path": "/nix/store/hqqx1aqvh7j75p9i89chhs7zdrr3m7nd-kubernetes-helm-3.20.2",
              "default": true
            }
          ],
          "store_path": "/nix/store/hqqx1aqvh7j75p9i89chhs7zdrr3m7nd-kubernetes-helm-3.20.2"
        },
        "x86_64-linux": {
          "outputs": [
            {
              "name": "out",
              "path": "/nix/store/89r6lacw4snczana92k6sm8cxw61iq9k-kubernetes-helm-3.20.2",
              "default": true
            }
          ],
          "store_path": "/nix/store/89r6lacw4snczana92k6sm8cxw61iq9k-kubernetes-helm-3.20.2"
        }
      }
    },
    "kustomize@5.8.0": {
      "last_modified": "2026-01-23T17:20:52Z",
      "resolved": "github:NixOS/nixpkgs/a1bab9e494f5f4939442a57a58d0449a109593fe#kustomize",
      "source": "devbox-search",
      "version": "5.8.0",
      "systems": {
        "aarch64-darwin": {
          "outputs": [
            {
              "name": "out",
              "path": "/nix/store/1jsi4vib5i93211xjmidag2v4ms6ad01-kustomize-5.8.0",
              "default": true
            }
          ],
          "store_path": "/nix/store/1jsi4vib5i93211xjmidag2v4ms6ad01-kustomize-5.8.0"
        },
        "aarch64-linux": {
          "outputs": [
            {
              "name": "out",
              "path": "/nix/store/0x4jksb2wfci0qb1415afvffx3cclr5a-kustomize-5.8.0",
              "default": true
            }
          ],
          "store_path": "/nix/store/0x4jksb2wfci0qb1415afvffx3cclr5a-kustomize-5.8.0"
        },
        "x86_64-darwin": {
          "outputs": [
            {
              "name": "out",
              "path": "/nix/store/if4b679gapwpn9fiz4hqakdb7m6n7gbl-kustomize-5.8.0",
              "default": true
            }
          ],
          "store_path": "/nix/store/if4b679gapwpn9fiz4hqakdb7m6n7gbl-kustomize-5.8.0"
        },
        "x86_64-linux": {
          "outputs": [
            {
              "name": "out",
              "path": "/nix/store/hfcikvrjjd72cs0p8sv11b4kblfjpwif-kustomize-5.8.0",
              "default": true
            }
          ],
          "store_path": "/nix/store/hfcikvrjjd72cs0p8sv11b4kblfjpwif-kustomize-5.8.0"
        }
      }
    },
    "lua-language-server@3.18.1": {
      "last_modified": "2026-05-21T08:15:18Z",
      "resolved": "github:NixOS/nixpkgs/4a29d733e8a7d5b824c3d8c958a946a9867b3eb2#lua-language-server",
      "source": "devbox-search",
      "version": "3.18.1",
      "systems": {
        "aarch64-darwin": {
          "outputs": [
            {
              "name": "out",
              "path": "/nix/store/cd0s6s73ildrsk1fz6050kf9apw690lp-lua-language-server-3.18.1",
              "default": true
            }
          ],
          "store_path": "/nix/store/cd0s6s73ildrsk1fz6050kf9apw690lp-lua-language-server-3.18.1"
        },
        "aarch64-linux": {
          "outputs": [
            {
              "name": "out",
              "path": "/nix/store/20wfq64dzb7j126spgzc0aldsrmzp67x-lua-language-server-3.18.1",
              "default": true
            }
          ],
          "store_path": "/nix/store/20wfq64dzb7j126spgzc0aldsrmzp67x-lua-language-server-3.18.1"
        },
        "x86_64-darwin": {
          "outputs": [
            {
              "name": "out",
              "path": "/nix/store/8j5k36f9sx7cfm6yn8wl37m88flray8h-lua-language-server-3.18.1",
              "default": true
            }
          ],
          "store_path": "/nix/store/8j5k36f9sx7cfm6yn8wl37m88flray8h-lua-language-server-3.18.1"
        },
        "x86_64-linux": {
          "outputs": [
            {
              "name": "out",
              "path": "/nix/store/wawpsdpdr5mrcmmi9c9rq7rl5pyyz2j3-lua-language-server-3.18.1",
              "default": true
            }
          ],
          "store_path": "/nix/store/wawpsdpdr5mrcmmi9c9rq7rl5pyyz2j3-lua-language-server-3.18.1"
        }
      }
    },
    "neovim@0.12.2": {
      "last_modified": "2026-05-21T08:15:18Z",
      "resolved": "github:NixOS/nixpkgs/4a29d733e8a7d5b824c3d8c958a946a9867b3eb2#neovim",
      "source": "devbox-search",
      "version": "0.12.2",
      "systems": {
        "aarch64-darwin": {
          "outputs": [
            {
              "name": "out",
              "path": "/nix/store/kcaffsrfi0nvj3pb3lqclhkl0i7vdl4q-neovim-0.12.2",
              "default": true
            }
          ],
          "store_path": "/nix/store/kcaffsrfi0nvj3pb3lqclhkl0i7vdl4q-neovim-0.12.2"
        },
        "aarch64-linux": {
          "outputs": [
            {
              "name": "out",
              "path": "/nix/store/bpi01irygjkwcxr4wmgnnfxv7qnbq6qj-neovim-0.12.2",
              "default": true
            }
          ],
          "store_path": "/nix/store/bpi01irygjkwcxr4wmgnnfxv7qnbq6qj-neovim-0.12.2"
        },
        "x86_64-darwin": {
          "outputs": [
            {
              "name": "out",
              "path": "/nix/store/fxkcplk164c47dy7igfvmcs52azlzw31-neovim-0.12.2",
              "default": true
            }
          ],
          "store_path": "/nix/store/fxkcplk164c47dy7igfvmcs52azlzw31-neovim-0.12.2"
        },
        "x86_64-linux": {
          "outputs": [
            {
              "name": "out",
              "path": "/nix/store/7idwf19b7b53wn7rznqgccymyif7kmwh-neovim-0.12.2",
              "default": true
            }
          ],
          "store_path": "/nix/store/7idwf19b7b53wn7rznqgccymyif7kmwh-neovim-0.12.2"
        }
      }
    },
    "nodejs@24.12.0": {
      "last_modified": "2025-12-27T12:56:01Z",
      "plugin_version": "0.0.2",
      "resolved": "github:NixOS/nixpkgs/3edc4a30ed3903fdf6f90c837f961fa6b49582d1#nodejs_24",
      "source": "devbox-search",
      "version": "24.12.0",
      "systems": {
        "aarch64-darwin": {
          "outputs": [
            {
              "name": "out",
              "path": "/nix/store/b1h0af3yb3z9jz048phclcqw6ihiww67-nodejs-24.12.0",
              "default": true
            },
            {
              "name": "dev",
              "path": "/nix/store/ksn4nj0nbp0ikmh4scy9x4biqqdswwhy-nodejs-24.12.0-dev"
            },
            {
              "name": "libv8",
              "path": "/nix/store/3x72bm7l30ib7l7cximrp0sklcq8jqwy-nodejs-24.12.0-libv8"
            }
          ],
          "store_path": "/nix/store/b1h0af3yb3z9jz048phclcqw6ihiww67-nodejs-24.12.0"
        },
        "aarch64-linux": {
          "outputs": [
            {
              "name": "out",
              "path": "/nix/store/9jfsyhcr9c6rpm94lrkibv75jkggvwss-nodejs-24.12.0",
              "default": true
            },
            {
              "name": "dev",
              "path": "/nix/store/7izhv9x1yvsmyrhmmyps6bxjjclajm80-nodejs-24.12.0-dev"
            },
            {
              "name": "libv8",
              "path": "/nix/store/8hl74pnc1qyz68rg10ixw7fz32hcxqkk-nodejs-24.12.0-libv8"
            }
          ],
          "store_path": "/nix/store/9jfsyhcr9c6rpm94lrkibv75jkggvwss-nodejs-24.12.0"
        },
        "x86_64-darwin": {
          "outputs": [
            {
              "name": "out",
              "path": "/nix/store/cj1243xswxvnwgifyiyg8axhn0r2vl48-nodejs-24.12.0",
              "default": true
            },
            {
              "name": "dev",
              "path": "/nix/store/kzia3rkaf9vwpn3py23q9v49jpjm6zx7-nodejs-24.12.0-dev"
            },
            {
              "name": "libv8",
              "path": "/nix/store/xszji81xj7ghjhz7jk0jkhb84nfwyd8f-nodejs-24.12.0-libv8"
            }
          ],
          "store_path": "/nix/store/cj1243xswxvnwgifyiyg8axhn0r2vl48-nodejs-24.12.0"
        },
        "x86_64-linux": {
          "outputs": [
            {
              "name": "out",
              "path": "/nix/store/9z1v3wyrxp6fpyzw21lcakd5w7aknzyc-nodejs-24.12.0",
              "default": true
            },
            {
              "name": "libv8",
              "path": "/nix/store/5yvx909wlis13qd2y1ahwl7ij21ma69a-nodejs-24.12.0-libv8"
            },
            {
              "name": "dev",
              "path": "/nix/store/7ll99p08gmpg0n048669p80zjibl5akr-nodejs-24.12.0-dev"
            }
          ],
          "store_path": "/nix/store/9z1v3wyrxp6fpyzw21lcakd5w7aknzyc-nodejs-24.12.0"
        }
      }
    },
    "pnpm@latest": {
      "last_modified": "2026-05-21T08:15:18Z",
      "resolved": "github:NixOS/nixpkgs/4a29d733e8a7d5b824c3d8c958a946a9867b3eb2#pnpm",
      "source": "devbox-search",
      "version": "11.1.2",
      "systems": {
        "aarch64-darwin": {
          "outputs": [
            {
              "name": "out",
              "path": "/nix/store/5xwgha9mcl3x41zs1yf3cxjcl4866mvk-pnpm-11.1.2",
              "default": true
            }
          ],
          "store_path": "/nix/store/5xwgha9mcl3x41zs1yf3cxjcl4866mvk-pnpm-11.1.2"
        },
        "aarch64-linux": {
          "outputs": [
            {
              "name": "out",
              "path": "/nix/store/1kzs82g6ywic50y2i9k6nkp9kzya4a4a-pnpm-11.1.2",
              "default": true
            }
          ],
          "store_path": "/nix/store/1kzs82g6ywic50y2i9k6nkp9kzya4a4a-pnpm-11.1.2"
        },
        "x86_64-darwin": {
          "outputs": [
            {
              "name": "out",
              "path": "/nix/store/6ylc843py5x7jpw8g322adgz08a4kjzd-pnpm-11.1.2",
              "default": true
            }
          ],
          "store_path": "/nix/store/6ylc843py5x7jpw8g322adgz08a4kjzd-pnpm-11.1.2"
        },
        "x86_64-linux": {
          "outputs": [
            {
              "name": "out",
              "path": "/nix/store/q5a7ifamw5c6c9llfdj8h487qz4rasr9-pnpm-11.1.2",
              "default": true
            }
          ],
          "store_path": "/nix/store/q5a7ifamw5c6c9llfdj8h487qz4rasr9-pnpm-11.1.2"
        }
      }
    },
    "ripgrep@15.1.0": {
      "last_modified": "2026-05-21T08:15:18Z",
      "resolved": "github:NixOS/nixpkgs/4a29d733e8a7d5b824c3d8c958a946a9867b3eb2#ripgrep",
      "source": "devbox-search",
      "version": "15.1.0",
      "systems": {
        "aarch64-darwin": {
          "outputs": [
            {
              "name": "out",
              "path": "/nix/store/8k3a39k5wxvch0ir2lb1pskvwing02lq-ripgrep-15.1.0",
              "default": true
            }
          ],
          "store_path": "/nix/store/8k3a39k5wxvch0ir2lb1pskvwing02lq-ripgrep-15.1.0"
        },
        "aarch64-linux": {
          "outputs": [
            {
              "name": "out",
              "path": "/nix/store/ayxgmx0yf8mjfym3jprkkrjql1hyh8wy-ripgrep-15.1.0",
              "default": true
            }
          ],
          "store_path": "/nix/store/ayxgmx0yf8mjfym3jprkkrjql1hyh8wy-ripgrep-15.1.0"
        },
        "x86_64-darwin": {
          "outputs": [
            {
              "name": "out",
              "path": "/nix/store/ra0dsj16fbhgkymvpa84wvhbqdvw7lq7-ripgrep-15.1.0",
              "default": true
            }
          ],
          "store_path": "/nix/store/ra0dsj16fbhgkymvpa84wvhbqdvw7lq7-ripgrep-15.1.0"
        },
        "x86_64-linux": {
          "outputs": [
            {
              "name": "out",
              "path": "/nix/store/ixsp81bia5w1fqd2d59vwbcfqk3n5231-ripgrep-15.1.0",
              "default": true
            }
          ],
          "store_path": "/nix/store/ixsp81bia5w1fqd2d59vwbcfqk3n5231-ripgrep-15.1.0"
        }
      }
    },
    "rust-analyzer@2026-04-13": {
      "last_modified": "2026-04-23T13:07:47Z",
      "resolved": "github:NixOS/nixpkgs/01fbdeef22b76df85ea168fbfe1bfd9e63681b30#rust-analyzer",
      "source": "devbox-search",
      "version": "2026-04-13",
      "systems": {
        "aarch64-darwin": {
          "outputs": [
            {
              "name": "out",
              "path": "/nix/store/j3z3f24f5x3509sk5r9jwvmv2319kbvc-rust-analyzer-2026-04-13",
              "default": true
            }
          ],
          "store_path": "/nix/store/j3z3f24f5x3509sk5r9jwvmv2319kbvc-rust-analyzer-2026-04-13"
        },
        "aarch64-linux": {
          "outputs": [
            {
              "name": "out",
              "path": "/nix/store/df0jllwi21xfn4qxhnw2n93af4bp7dwf-rust-analyzer-2026-04-13",
              "default": true
            }
          ],
          "store_path": "/nix/store/df0jllwi21xfn4qxhnw2n93af4bp7dwf-rust-analyzer-2026-04-13"
        },
        "x86_64-darwin": {
          "outputs": [
            {
              "name": "out",
              "path": "/nix/store/a9mqczfhasr5k7gjk1ly4c5qv595295y-rust-analyzer-2026-04-13",
              "default": true
            }
          ],
          "store_path": "/nix/store/a9mqczfhasr5k7gjk1ly4c5qv595295y-rust-analyzer-2026-04-13"
        },
        "x86_64-linux": {
          "outputs": [
            {
              "name": "out",
              "path": "/nix/store/jwpcafaf4ykbh19kaxhqy9xc7avcfx6r-rust-analyzer-2026-04-13",
              "default": true
            }
          ],
          "store_path": "/nix/store/jwpcafaf4ykbh19kaxhqy9xc7avcfx6r-rust-analyzer-2026-04-13"
        }
      }
    },
    "stern@1.33.1": {
      "last_modified": "2026-04-23T13:07:47Z",
      "resolved": "github:NixOS/nixpkgs/01fbdeef22b76df85ea168fbfe1bfd9e63681b30#stern",
      "source": "devbox-search",
      "version": "1.33.1",
      "systems": {
        "aarch64-darwin": {
          "outputs": [
            {
              "name": "out",
              "path": "/nix/store/20vrn2dii59ncyknbfb43alcfawrz0hw-stern-1.33.1",
              "default": true
            }
          ],
          "store_path": "/nix/store/20vrn2dii59ncyknbfb43alcfawrz0hw-stern-1.33.1"
        },
        "aarch64-linux": {
          "outputs": [
            {
              "name": "out",
              "path": "/nix/store/5qhmrpsyhy4bb24srihfqfdvmrj64525-stern-1.33.1",
              "default": true
            }
          ],
          "store_path": "/nix/store/5qhmrpsyhy4bb24srihfqfdvmrj64525-stern-1.33.1"
        },
        "x86_64-darwin": {
          "outputs": [
            {
              "name": "out",
              "path": "/nix/store/a7xa1ghy08qmly5jjw2c4i6iryn7iji9-stern-1.33.1",
              "default": true
            }
          ],
          "store_path": "/nix/store/a7xa1ghy08qmly5jjw2c4i6iryn7iji9-stern-1.33.1"
        },
        "x86_64-linux": {
          "outputs": [
            {
              "name": "out",
              "path": "/nix/store/glpgc4bnsr93zaybq56b46n3w7f8ac26-stern-1.33.1",
              "default": true
            }
          ],
          "store_path": "/nix/store/glpgc4bnsr93zaybq56b46n3w7f8ac26-stern-1.33.1"
        }
      }
    },
    "terraform-ls@0.38.6": {
      "last_modified": "2026-05-21T08:15:18Z",
      "resolved": "github:NixOS/nixpkgs/4a29d733e8a7d5b824c3d8c958a946a9867b3eb2#terraform-ls",
      "source": "devbox-search",
      "version": "0.38.6",
      "systems": {
        "aarch64-darwin": {
          "outputs": [
            {
              "name": "out",
              "path": "/nix/store/fj3d5lgsfhsk2brz0is5gafjnxlm8klf-terraform-ls-0.38.6",
              "default": true
            }
          ],
          "store_path": "/nix/store/fj3d5lgsfhsk2brz0is5gafjnxlm8klf-terraform-ls-0.38.6"
        },
        "aarch64-linux": {
          "outputs": [
            {
              "name": "out",
              "path": "/nix/store/fa4hmn81pjg964rwjnmp95md6y58dks8-terraform-ls-0.38.6",
              "default": true
            }
          ],
          "store_path": "/nix/store/fa4hmn81pjg964rwjnmp95md6y58dks8-terraform-ls-0.38.6"
        },
        "x86_64-darwin": {
          "outputs": [
            {
              "name": "out",
              "path": "/nix/store/73hkdkji0v4slwyqjb40hv07117vjssr-terraform-ls-0.38.6",
              "default": true
            }
          ],
          "store_path": "/nix/store/73hkdkji0v4slwyqjb40hv07117vjssr-terraform-ls-0.38.6"
        },
        "x86_64-linux": {
          "outputs": [
            {
              "name": "out",
              "path": "/nix/store/m95k2i1ysgi54fy6r54sxwf0ghs52fkf-terraform-ls-0.38.6",
              "default": true
            }
          ],
          "store_path": "/nix/store/m95k2i1ysgi54fy6r54sxwf0ghs52fkf-terraform-ls-0.38.6"
        }
      }
    },
    "tmux@latest": {
      "last_modified": "2025-11-26T14:39:26Z",
      "resolved": "github:NixOS/nixpkgs/5c46f3bd98147c8d82366df95bbef2cab3a967ea#tmux",
      "source": "devbox-search",
      "version": "3.6",
      "systems": {
        "aarch64-darwin": {
          "outputs": [
            {
              "name": "out",
              "path": "/nix/store/8cc44893xix9xknp1phzi5jg8g0pghii-tmux-3.6",
              "default": true
            },
            {
              "name": "man",
              "path": "/nix/store/08iih7zrw7yybahxla1f3vf1qhygiwzb-tmux-3.6-man",
              "default": true
            }
          ],
          "store_path": "/nix/store/8cc44893xix9xknp1phzi5jg8g0pghii-tmux-3.6"
        },
        "aarch64-linux": {
          "outputs": [
            {
              "name": "out",
              "path": "/nix/store/nipnplpp8s2kxrym46ziwm286ac9smxk-tmux-3.6",
              "default": true
            },
            {
              "name": "man",
              "path": "/nix/store/h0mw9jvd11ykb63rxvjwg03yxpmwcrsk-tmux-3.6-man",
              "default": true
            }
          ],
          "store_path": "/nix/store/nipnplpp8s2kxrym46ziwm286ac9smxk-tmux-3.6"
        },
        "x86_64-darwin": {
          "outputs": [
            {
              "name": "out",
              "path": "/nix/store/r9as91zw6j6ly5wy67w7ksy56y4fa6m0-tmux-3.6",
              "default": true
            },
            {
              "name": "man",
              "path": "/nix/store/x91dqpy96jnjv7prrg1x65lzhlp8h7px-tmux-3.6-man",
              "default": true
            }
          ],
          "store_path": "/nix/store/r9as91zw6j6ly5wy67w7ksy56y4fa6m0-tmux-3.6"
        },
        "x86_64-linux": {
          "outputs": [
            {
              "name": "out",
              "path": "/nix/store/aaryy6aga27r973s97ckbmalbc1ha4hl-tmux-3.6",
              "default": true
            },
            {
              "name": "man",
              "path": "/nix/store/vkz0jwnx7cg2gc48w3nijs1d3sydz9l5-tmux-3.6-man",
              "default": true
            }
          ],
          "store_path": "/nix/store/aaryy6aga27r973s97ckbmalbc1ha4hl-tmux-3.6"
        }
      }
    },
    "tree-sitter@0.26.8": {
      "last_modified": "2026-05-21T08:15:18Z",
      "resolved": "github:NixOS/nixpkgs/4a29d733e8a7d5b824c3d8c958a946a9867b3eb2#tree-sitter",
      "source": "devbox-search",
      "version": "0.26.8",
      "systems": {
        "aarch64-darwin": {
          "outputs": [
            {
              "name": "out",
              "path": "/nix/store/vbbxvfdkym0dshkwfn88wb8z1p8xq80m-tree-sitter-0.26.8",
              "default": true
            }
          ],
          "store_path": "/nix/store/vbbxvfdkym0dshkwfn88wb8z1p8xq80m-tree-sitter-0.26.8"
        },
        "aarch64-linux": {
          "outputs": [
            {
              "name": "out",
              "path": "/nix/store/hcvqy6arnxdaad1y346l8p7hzkxbr49w-tree-sitter-0.26.8",
              "default": true
            }
          ],
          "store_path": "/nix/store/hcvqy6arnxdaad1y346l8p7hzkxbr49w-tree-sitter-0.26.8"
        },
        "x86_64-darwin": {
          "outputs": [
            {
              "name": "out",
              "path": "/nix/store/9ncxkbybq60jqzhyzrvc3gjvz5sj0943-tree-sitter-0.26.8",
              "default": true
            }
          ],
          "store_path": "/nix/store/9ncxkbybq60jqzhyzrvc3gjvz5sj0943-tree-sitter-0.26.8"
        },
        "x86_64-linux": {
          "outputs": [
            {
              "name": "out",
              "path": "/nix/store/mhfg521pqd9zpcy1pwhggjwgnjy4r5gz-tree-sitter-0.26.8",
              "default": true
            }
          ],
          "store_path": "/nix/store/mhfg521pqd9zpcy1pwhggjwgnjy4r5gz-tree-sitter-0.26.8"
        }
      }
    },
    "yq-go@4.53.2": {
      "last_modified": "2026-05-21T08:15:18Z",
      "resolved": "github:NixOS/nixpkgs/4a29d733e8a7d5b824c3d8c958a946a9867b3eb2#yq-go",
      "source": "devbox-search",
      "version": "4.53.2",
      "systems": {
        "aarch64-darwin": {
          "outputs": [
            {
              "name": "out",
              "path": "/nix/store/ffkx6855qiv6004asmckjqwcq6dvc32q-yq-go-4.53.2",
              "default": true
            }
          ],
          "store_path": "/nix/store/ffkx6855qiv6004asmckjqwcq6dvc32q-yq-go-4.53.2"
        },
        "aarch64-linux": {
          "outputs": [
            {
              "name": "out",
              "path": "/nix/store/3hsajqhhm8m9nx306jh09m1qz4idwmxk-yq-go-4.53.2",
              "default": true
            }
          ],
          "store_path": "/nix/store/3hsajqhhm8m9nx306jh09m1qz4idwmxk-yq-go-4.53.2"
        },
        "x86_64-darwin": {
          "outputs": [
            {
              "name": "out",
              "path": "/nix/store/mh9wimc8ddgqag0ma18izcd08bkldk1a-yq-go-4.53.2",
              "default": true
            }
          ],
          "store_path": "/nix/store/mh9wimc8ddgqag0ma18izcd08bkldk1a-yq-go-4.53.2"
        },
        "x86_64-linux": {
          "outputs": [
            {
              "name": "out",
              "path": "/nix/store/pibhm258wp416plqdaxym4z6lis8ksla-yq-go-4.53.2",
              "default": true
            }
          ],
          "store_path": "/nix/store/pibhm258wp416plqdaxym4z6lis8ksla-yq-go-4.53.2"
        }
      }
    }
  }
}
