NeoBundleLock badwolf 78a3e35b51df8a0d5635ea015ae11fadd55cf754
NeoBundleLock jedi-vim 026ae6be03323193850f83109a80982808a7621b
NeoBundleLock lightline.vim 0f2a26221a598f29bfccf64de3cb44136c95a5d1
NeoBundleLock molokai c67bdfcdb31415aa0ade7f8c003261700a885476
NeoBundleLock neobundle.vim 9c62a8fcf9eb42d3956c703943c99f06a63112e6
NeoBundleLock neocomplete.vim 75b2ea052310bf4615c739808ba9de03f8cdc113
NeoBundleLock neoinclude.vim eb0c9206a673ca7ce737a4bd1eca5deb1690a563
NeoBundleLock neosnippet a1508f88729e1c5912dd12417553f178494c4dd2
NeoBundleLock neosnippet-snippets 34dec3c984bcae52a871d6d0954030cb23802305
NeoBundleLock nerdtree af64474ebd604e817e3242a79f23c06a5d48d927
NeoBundleLock unite.vim d903c78696d1ce063f79d66f0b4cbc2567a901f5
NeoBundleLock vim-clang 32291b6f1701e588f4898e0b8a9af9375f77e1c3
NeoBundleLock vim-colors-solarized 528a59f26d12278698bb946f8fb82a63711eec21
NeoBundleLock vim-django-support a0b21e72a2ce22141d60c494de1f58cb960b413f
NeoBundleLock vim-endwise 0067ceda37725d01b7bd5bf249d63b1b5d4e2ab4
NeoBundleLock vim-pyenv bed0d8bc809096cfc6a1e649a4d57a1f375960ff
NeoBundleLock vim-python-pep8-indent 7dfebca4ed468be64afffd8107e7a87f35d8ef5b
NeoBundleLock vim-smartinput 78ab4b3df24fa2753d3dfc1be75ed5a3df1565b8
NeoBundleLock vimfiler f2a2db7437bb1163e8e6b2d002dc063d1e0303ea
NeoBundleLock vimproc.vim 25cb83f24edec4aec1e9f1329302235e7a7a7fe0
